
Microsoft Visual Studio Solution File, Format Version 12.00
# Visual Studio Version 16
VisualStudioVersion = 16.0.31702.278
MinimumVisualStudioVersion = 10.0.40219.1
Project("{FAE04EC0-301F-11D3-BF4B-00C04F79EFBC}") = "login example", "login example\login example.csproj", "{C853234C-E66E-4BE9-A16F-9BC112AC725F}"
EndProject
Global
	GlobalSection(SolutionConfigurationPlatforms) = preSolution
		Debug|Any CPU = Debug|Any CPU
		Release|Any CPU = Release|Any CPU
	EndGlobalSection
	GlobalSection(ProjectConfigurationPlatforms) = postSolution
		{C853234C-E66E-4BE9-A16F-9BC112AC725F}.Debug|Any CPU.ActiveCfg = Debug|Any CPU
		{C853234C-E66E-4BE9-A16F-9BC112AC725F}.Debug|Any CPU.Build.0 = Debug|Any CPU
		{C853234C-E66E-4BE9-A16F-9BC112AC725F}.Release|Any CPU.ActiveCfg = Release|Any CPU
		{C853234C-E66E-4BE9-A16F-9BC112AC725F}.Release|Any CPU.Build.0 = Release|Any CPU
	EndGlobalSection
	GlobalSection(SolutionProperties) = preSolution
		HideSolutionNode = FALSE
	EndGlobalSection
	GlobalSection(ExtensibilityGlobals) = postSolution
		SolutionGuid = {83AD1AA0-343E-40A4-B62B-F25AE57BA2C8}
	EndGlobalSection
EndGlobal
